// !$*UTF8*$!
{
	archiveVersion = 1;
	classes = {
	};
	objectVersion = 70;
	objects = {

/* Begin PBXBuildFile section */
		BF00000000000000000001 /* llama.xcframework in Frameworks */ = {isa = PBXBuildFile; fileRef = FR00000000000000000001 /* llama.xcframework */; };
		BF00000000000000000002 /* llama.xcframework in Embed Frameworks */ = {isa = PBXBuildFile; fileRef = FR00000000000000000001 /* llama.xcframework */; settings = {ATTRIBUTES = (CodeSignOnCopy, RemoveHeadersOnCopy, ); }; };
		BF00000000000000000003 /* Keyboard.appex in Embed App Extensions */ = {isa = PBXBuildFile; fileRef = PD00000000000000000002 /* Keyboard.appex */; settings = {ATTRIBUTES = (RemoveHeadersOnCopy, ); }; };
		BF00000000000000000004 /* Qwen3TTS in Frameworks */ = {isa = PBXBuildFile; productRef = PKGPRD0000000000000001 /* Qwen3TTS */; };
/* End PBXBuildFile section */

/* Begin PBXContainerItemProxy section */
		CP00000000000000000001 /* PBXContainerItemProxy */ = {
			isa = PBXContainerItemProxy;
			containerPortal = PJ00000000000000000001 /* Project object */;
			proxyType = 1;
			remoteGlobalIDString = TG00000000000000000002;
			remoteInfo = Keyboard;
		};
/* End PBXContainerItemProxy section */

/* Begin PBXCopyFilesBuildPhase section */
		PE00000000000000000001 /* Embed Frameworks */ = {
			isa = PBXCopyFilesBuildPhase;
			buildActionMask = 2147483647;
			dstPath = "";
			dstSubfolderSpec = 10;
			files = (
				BF00000000000000000002 /* llama.xcframework in Embed Frameworks */,
			);
			name = "Embed Frameworks";
			runOnlyForDeploymentPostprocessing = 0;
		};
		PG00000000000000000001 /* Embed App Extensions */ = {
			isa = PBXCopyFilesBuildPhase;
			buildActionMask = 2147483647;
			dstPath = "";
			dstSubfolderSpec = 13;
			files = (
				BF00000000000000000003 /* Keyboard.appex in Embed App Extensions */,
			);
			name = "Embed App Extensions";
			runOnlyForDeploymentPostprocessing = 0;
		};
/* End PBXCopyFilesBuildPhase section */

/* Begin PBXFileReference section */
		FR00000000000000000001 /* llama.xcframework */ = {isa = PBXFileReference; lastKnownFileType = wrapper.xcframework; name = llama.xcframework; path = Frameworks/llama.xcframework; sourceTree = "<group>"; };
		PD00000000000000000001 /* openTihui.app */ = {isa = PBXFileReference; explicitFileType = wrapper.application; includeInIndex = 0; path = openTihui.app; sourceTree = BUILT_PRODUCTS_DIR; };
		PD00000000000000000002 /* Keyboard.appex */ = {isa = PBXFileReference; explicitFileType = "wrapper.app-extension"; includeInIndex = 0; path = Keyboard.appex; sourceTree = BUILT_PRODUCTS_DIR; };
/* End PBXFileReference section */

/* Begin PBXFileSystemSynchronizedBuildFileExceptionSet section */
		EX00000000000000000001 /* PBXFileSystemSynchronizedBuildFileExceptionSet */ = {
			isa = PBXFileSystemSynchronizedBuildFileExceptionSet;
			membershipExceptions = (
				Info.plist,
			);
			target = TG00000000000000000002 /* Keyboard */;
		};
/* End PBXFileSystemSynchronizedBuildFileExceptionSet section */

/* Begin PBXFileSystemSynchronizedRootGroup section */
		SY00000000000000000001 /* src/openTihui */ = {isa = PBXFileSystemSynchronizedRootGroup; explicitFileTypes = {}; explicitFolders = (); path = src/openTihui; sourceTree = "<group>"; };
		SY00000000000000000002 /* src/Keyboard */ = {isa = PBXFileSystemSynchronizedRootGroup; exceptions = (EX00000000000000000001 /* PBXFileSystemSynchronizedBuildFileExceptionSet */, ); explicitFileTypes = {}; explicitFolders = (); path = src/Keyboard; sourceTree = "<group>"; };
/* End PBXFileSystemSynchronizedRootGroup section */

/* Begin PBXFrameworksBuildPhase section */
		PF00000000000000000001 /* Frameworks */ = {
			isa = PBXFrameworksBuildPhase;
			buildActionMask = 2147483647;
			files = (
				BF00000000000000000001 /* llama.xcframework in Frameworks */,
				BF00000000000000000004 /* Qwen3TTS in Frameworks */,
			);
			runOnlyForDeploymentPostprocessing = 0;
		};
		PF00000000000000000002 /* Frameworks */ = {
			isa = PBXFrameworksBuildPhase;
			buildActionMask = 2147483647;
			files = (
			);
			runOnlyForDeploymentPostprocessing = 0;
		};
/* End PBXFrameworksBuildPhase section */

/* Begin PBXGroup section */
		GR00000000000000000001 = {
			isa = PBXGroup;
			children = (
				SY00000000000000000001 /* src/openTihui */,
				SY00000000000000000002 /* src/Keyboard */,
				GR00000000000000000002 /* Frameworks */,
				GR00000000000000000003 /* Products */,
			);
			sourceTree = "<group>";
		};
		GR00000000000000000002 /* Frameworks */ = {
			isa = PBXGroup;
			children = (
				FR00000000000000000001 /* llama.xcframework */,
			);
			name = Frameworks;
			sourceTree = "<group>";
		};
		GR00000000000000000003 /* Products */ = {
			isa = PBXGroup;
			children = (
				PD00000000000000000001 /* openTihui.app */,
				PD00000000000000000002 /* Keyboard.appex */,
			);
			name = Products;
			sourceTree = "<group>";
		};
/* End PBXGroup section */

/* Begin PBXNativeTarget section */
		TG00000000000000000001 /* openTihui */ = {
			isa = PBXNativeTarget;
			buildConfigurationList = CL00000000000000000002 /* Build configuration list for PBXNativeTarget "openTihui" */;
			buildPhases = (
				PS00000000000000000001 /* Sources */,
				PF00000000000000000001 /* Frameworks */,
				PR00000000000000000001 /* Resources */,
				PE00000000000000000001 /* Embed Frameworks */,
				PG00000000000000000001 /* Embed App Extensions */,
			);
			buildRules = (
			);
			dependencies = (
				TD00000000000000000001 /* PBXTargetDependency */,
			);
			fileSystemSynchronizedGroups = (
				SY00000000000000000001 /* src/openTihui */,
			);
			name = openTihui;
			packageProductDependencies = (
				PKGPRD0000000000000001 /* Qwen3TTS */,
			);
			productName = openTihui;
			productReference = PD00000000000000000001 /* openTihui.app */;
			productType = "com.apple.product-type.application";
		};
		TG00000000000000000002 /* Keyboard */ = {
			isa = PBXNativeTarget;
			buildConfigurationList = CL00000000000000000003 /* Build configuration list for PBXNativeTarget "Keyboard" */;
			buildPhases = (
				PS00000000000000000002 /* Sources */,
				PF00000000000000000002 /* Frameworks */,
				PR00000000000000000002 /* Resources */,
			);
			buildRules = (
			);
			dependencies = (
			);
			fileSystemSynchronizedGroups = (
				SY00000000000000000002 /* src/Keyboard */,
			);
			name = Keyboard;
			productName = Keyboard;
			productReference = PD00000000000000000002 /* Keyboard.appex */;
			productType = "com.apple.product-type.app-extension";
		};
/* End PBXNativeTarget section */

/* Begin PBXProject section */
		PJ00000000000000000001 /* Project object */ = {
			isa = PBXProject;
			attributes = {
				BuildIndependentTargetsInParallel = 1;
				LastSwiftUpdateCheck = 1700;
				LastUpgradeCheck = 1700;
				TargetAttributes = {
					TG00000000000000000001 = {
						CreatedOnToolsVersion = 17.0;
					};
					TG00000000000000000002 = {
						CreatedOnToolsVersion = 17.0;
					};
				};
			};
			buildConfigurationList = CL00000000000000000001 /* Build configuration list for PBXProject "openTihui" */;
			compatibilityVersion = "Xcode 15.0";
			developmentRegion = en;
			hasScannedForEncodings = 0;
			knownRegions = (
				en,
				Base,
				"zh-Hans",
				"zh-Hant",
			);
			mainGroup = GR00000000000000000001;
			packageReferences = (
				PKGREF0000000000000001 /* XCRemoteSwiftPackageReference "mlx-swift-qwen3-tts" */,
			);
			productRefGroup = GR00000000000000000003 /* Products */;
			projectDirPath = "";
			projectRoot = "";
			targets = (
				TG00000000000000000001 /* openTihui */,
				TG00000000000000000002 /* Keyboard */,
			);
		};
/* End PBXProject section */

/* Begin PBXResourcesBuildPhase section */
		PR00000000000000000001 /* Resources */ = {
			isa = PBXResourcesBuildPhase;
			buildActionMask = 2147483647;
			files = (
			);
			runOnlyForDeploymentPostprocessing = 0;
		};
		PR00000000000000000002 /* Resources */ = {
			isa = PBXResourcesBuildPhase;
			buildActionMask = 2147483647;
			files = (
			);
			runOnlyForDeploymentPostprocessing = 0;
		};
/* End PBXResourcesBuildPhase section */

/* Begin PBXSourcesBuildPhase section */
		PS00000000000000000001 /* Sources */ = {
			isa = PBXSourcesBuildPhase;
			buildActionMask = 2147483647;
			files = (
			);
			runOnlyForDeploymentPostprocessing = 0;
		};
		PS00000000000000000002 /* Sources */ = {
			isa = PBXSourcesBuildPhase;
			buildActionMask = 2147483647;
			files = (
			);
			runOnlyForDeploymentPostprocessing = 0;
		};
/* End PBXSourcesBuildPhase section */

/* Begin PBXTargetDependency section */
		TD00000000000000000001 /* PBXTargetDependency */ = {
			isa = PBXTargetDependency;
			target = TG00000000000000000002 /* Keyboard */;
			targetProxy = CP00000000000000000001 /* PBXContainerItemProxy */;
		};
/* End PBXTargetDependency section */

/* Begin XCBuildConfiguration section */
		CF00000000000000000001 /* Debug */ = {
			isa = XCBuildConfiguration;
			buildSettings = {
				ALWAYS_SEARCH_USER_PATHS = NO;
				APP_GROUP_ID = group.org.cyyself.opentihui;
				CLANG_ANALYZER_NONNULL = YES;
				CLANG_CXX_LANGUAGE_STANDARD = "c++17";
				CLANG_ENABLE_MODULES = YES;
				CLANG_ENABLE_OBJC_ARC = YES;
				CLANG_ENABLE_OBJC_WEAK = YES;
				COPY_PHASE_STRIP = NO;
				DEBUG_INFORMATION_FORMAT = dwarf;
				ENABLE_STRICT_OBJC_MSGSEND = YES;
				ENABLE_TESTABILITY = YES;
				GCC_C_LANGUAGE_STANDARD = gnu17;
				GCC_DYNAMIC_NO_PIC = NO;
				GCC_NO_COMMON_BLOCKS = YES;
				GCC_OPTIMIZATION_LEVEL = 0;
				GCC_PREPROCESSOR_DEFINITIONS = (
					"DEBUG=1",
					"$(inherited)",
				);
				IPHONEOS_DEPLOYMENT_TARGET = 17.0;
				MTL_ENABLE_DEBUG_INFO = INCLUDE_SOURCE;
				MTL_FAST_MATH = YES;
				ONLY_ACTIVE_ARCH = YES;
				SDKROOT = iphoneos;
				SWIFT_ACTIVE_COMPILATION_CONDITIONS = "DEBUG $(inherited)";
				SWIFT_OPTIMIZATION_LEVEL = "-Onone";
			};
			name = Debug;
		};
		CF00000000000000000002 /* Release */ = {
			isa = XCBuildConfiguration;
			buildSettings = {
				ALWAYS_SEARCH_USER_PATHS = NO;
				APP_GROUP_ID = group.org.cyyself.opentihui;
				CLANG_ANALYZER_NONNULL = YES;
				CLANG_CXX_LANGUAGE_STANDARD = "c++17";
				CLANG_ENABLE_MODULES = YES;
				CLANG_ENABLE_OBJC_ARC = YES;
				CLANG_ENABLE_OBJC_WEAK = YES;
				COPY_PHASE_STRIP = NO;
				DEBUG_INFORMATION_FORMAT = "dwarf-with-dsym";
				ENABLE_NS_ASSERTIONS = NO;
				ENABLE_STRICT_OBJC_MSGSEND = YES;
				GCC_C_LANGUAGE_STANDARD = gnu17;
				GCC_NO_COMMON_BLOCKS = YES;
				IPHONEOS_DEPLOYMENT_TARGET = 17.0;
				MTL_ENABLE_DEBUG_INFO = NO;
				MTL_FAST_MATH = YES;
				SDKROOT = iphoneos;
				SWIFT_COMPILATION_MODE = wholemodule;
				VALIDATE_PRODUCT = YES;
			};
			name = Release;
		};
		CF00000000000000000003 /* Debug */ = {
			isa = XCBuildConfiguration;
			buildSettings = {
				ASSETCATALOG_COMPILER_APPICON_NAME = AppIcon;
				ASSETCATALOG_COMPILER_GLOBAL_ACCENT_COLOR_NAME = AccentColor;
				CODE_SIGN_ENTITLEMENTS = Config/openTihui.entitlements;
				CODE_SIGN_STYLE = Automatic;
				CURRENT_PROJECT_VERSION = 1;
				DEVELOPMENT_TEAM = L3PU9439R6;
				ENABLE_PREVIEWS = YES;
				GENERATE_INFOPLIST_FILE = YES;
				INFOPLIST_FILE = Config/Info.plist;
				INFOPLIST_KEY_CFBundleDisplayName = openTihui;
				INFOPLIST_KEY_NSPhotoLibraryUsageDescription = "Selected photos are sent to the on-device model for multimodal inference.";
				INFOPLIST_KEY_UIApplicationSceneManifest_Generation = YES;
				INFOPLIST_KEY_UIApplicationSupportsIndirectInputEvents = YES;
				INFOPLIST_KEY_UILaunchScreen_Generation = YES;
				INFOPLIST_KEY_UISupportedInterfaceOrientations_iPad = "UIInterfaceOrientationPortrait UIInterfaceOrientationPortraitUpsideDown UIInterfaceOrientationLandscapeLeft UIInterfaceOrientationLandscapeRight";
				INFOPLIST_KEY_UISupportedInterfaceOrientations_iPhone = "UIInterfaceOrientationPortrait UIInterfaceOrientationLandscapeLeft UIInterfaceOrientationLandscapeRight";
				LD_RUNPATH_SEARCH_PATHS = (
					"$(inherited)",
					"@executable_path/Frameworks",
				);
				MARKETING_VERSION = 1.0;
				PRODUCT_BUNDLE_IDENTIFIER = org.cyyself.opentihui;
				PRODUCT_NAME = "$(TARGET_NAME)";
				SWIFT_EMIT_LOC_STRINGS = YES;
				SWIFT_OBJC_BRIDGING_HEADER = "src/openTihui/Bridge/openTihui-Bridging-Header.h";
				SWIFT_VERSION = 5.0;
				TARGETED_DEVICE_FAMILY = "1,2";
			};
			name = Debug;
		};
		CF00000000000000000004 /* Release */ = {
			isa = XCBuildConfiguration;
			buildSettings = {
				ASSETCATALOG_COMPILER_APPICON_NAME = AppIcon;
				ASSETCATALOG_COMPILER_GLOBAL_ACCENT_COLOR_NAME = AccentColor;
				CODE_SIGN_ENTITLEMENTS = Config/openTihui.entitlements;
				CODE_SIGN_STYLE = Automatic;
				CURRENT_PROJECT_VERSION = 1;
				DEVELOPMENT_TEAM = L3PU9439R6;
				ENABLE_PREVIEWS = YES;
				GENERATE_INFOPLIST_FILE = YES;
				INFOPLIST_FILE = Config/Info.plist;
				INFOPLIST_KEY_CFBundleDisplayName = openTihui;
				INFOPLIST_KEY_NSPhotoLibraryUsageDescription = "Selected photos are sent to the on-device model for multimodal inference.";
				INFOPLIST_KEY_UIApplicationSceneManifest_Generation = YES;
				INFOPLIST_KEY_UIApplicationSupportsIndirectInputEvents = YES;
				INFOPLIST_KEY_UILaunchScreen_Generation = YES;
				INFOPLIST_KEY_UISupportedInterfaceOrientations_iPad = "UIInterfaceOrientationPortrait UIInterfaceOrientationPortraitUpsideDown UIInterfaceOrientationLandscapeLeft UIInterfaceOrientationLandscapeRight";
				INFOPLIST_KEY_UISupportedInterfaceOrientations_iPhone = "UIInterfaceOrientationPortrait UIInterfaceOrientationLandscapeLeft UIInterfaceOrientationLandscapeRight";
				LD_RUNPATH_SEARCH_PATHS = (
					"$(inherited)",
					"@executable_path/Frameworks",
				);
				MARKETING_VERSION = 1.0;
				PRODUCT_BUNDLE_IDENTIFIER = org.cyyself.opentihui;
				PRODUCT_NAME = "$(TARGET_NAME)";
				SWIFT_EMIT_LOC_STRINGS = YES;
				SWIFT_OBJC_BRIDGING_HEADER = "src/openTihui/Bridge/openTihui-Bridging-Header.h";
				SWIFT_VERSION = 5.0;
				TARGETED_DEVICE_FAMILY = "1,2";
			};
			name = Release;
		};
		CF00000000000000000005 /* Debug */ = {
			isa = XCBuildConfiguration;
			buildSettings = {
				CODE_SIGN_ENTITLEMENTS = Config/Keyboard.entitlements;
				CODE_SIGN_STYLE = Automatic;
				CURRENT_PROJECT_VERSION = 1;
				DEVELOPMENT_TEAM = L3PU9439R6;
				GENERATE_INFOPLIST_FILE = NO;
				INFOPLIST_FILE = src/Keyboard/Info.plist;
				IPHONEOS_DEPLOYMENT_TARGET = 17.0;
				LD_RUNPATH_SEARCH_PATHS = (
					"$(inherited)",
					"@executable_path/Frameworks",
					"@executable_path/../../Frameworks",
				);
				MARKETING_VERSION = 1.0;
				PRODUCT_BUNDLE_IDENTIFIER = org.cyyself.opentihui.Keyboard;
				PRODUCT_NAME = "$(TARGET_NAME)";
				SKIP_INSTALL = YES;
				SWIFT_EMIT_LOC_STRINGS = YES;
				SWIFT_VERSION = 5.0;
				TARGETED_DEVICE_FAMILY = "1,2";
			};
			name = Debug;
		};
		CF00000000000000000006 /* Release */ = {
			isa = XCBuildConfiguration;
			buildSettings = {
				CODE_SIGN_ENTITLEMENTS = Config/Keyboard.entitlements;
				CODE_SIGN_STYLE = Automatic;
				CURRENT_PROJECT_VERSION = 1;
				DEVELOPMENT_TEAM = L3PU9439R6;
				GENERATE_INFOPLIST_FILE = NO;
				INFOPLIST_FILE = src/Keyboard/Info.plist;
				IPHONEOS_DEPLOYMENT_TARGET = 17.0;
				LD_RUNPATH_SEARCH_PATHS = (
					"$(inherited)",
					"@executable_path/Frameworks",
					"@executable_path/../../Frameworks",
				);
				MARKETING_VERSION = 1.0;
				PRODUCT_BUNDLE_IDENTIFIER = org.cyyself.opentihui.Keyboard;
				PRODUCT_NAME = "$(TARGET_NAME)";
				SKIP_INSTALL = YES;
				SWIFT_EMIT_LOC_STRINGS = YES;
				SWIFT_VERSION = 5.0;
				TARGETED_DEVICE_FAMILY = "1,2";
			};
			name = Release;
		};
/* End XCBuildConfiguration section */

/* Begin XCConfigurationList section */
		CL00000000000000000001 /* Build configuration list for PBXProject "openTihui" */ = {
			isa = XCConfigurationList;
			buildConfigurations = (
				CF00000000000000000001 /* Debug */,
				CF00000000000000000002 /* Release */,
			);
			defaultConfigurationIsVisible = 0;
			defaultConfigurationName = Release;
		};
		CL00000000000000000002 /* Build configuration list for PBXNativeTarget "openTihui" */ = {
			isa = XCConfigurationList;
			buildConfigurations = (
				CF00000000000000000003 /* Debug */,
				CF00000000000000000004 /* Release */,
			);
			defaultConfigurationIsVisible = 0;
			defaultConfigurationName = Release;
		};
		CL00000000000000000003 /* Build configuration list for PBXNativeTarget "Keyboard" */ = {
			isa = XCConfigurationList;
			buildConfigurations = (
				CF00000000000000000005 /* Debug */,
				CF00000000000000000006 /* Release */,
			);
			defaultConfigurationIsVisible = 0;
			defaultConfigurationName = Release;
		};
/* End XCConfigurationList section */

/* Begin XCRemoteSwiftPackageReference section */
		PKGREF0000000000000001 /* XCRemoteSwiftPackageReference "mlx-swift-qwen3-tts" */ = {
			isa = XCRemoteSwiftPackageReference;
			repositoryURL = "https://github.com/hamptus/mlx-swift-qwen3-tts.git";
			requirement = {
				kind = exactVersion;
				version = 0.2.0;
			};
		};
/* End XCRemoteSwiftPackageReference section */

/* Begin XCSwiftPackageProductDependency section */
		PKGPRD0000000000000001 /* Qwen3TTS */ = {
			isa = XCSwiftPackageProductDependency;
			package = PKGREF0000000000000001 /* XCRemoteSwiftPackageReference "mlx-swift-qwen3-tts" */;
			productName = Qwen3TTS;
		};
/* End XCSwiftPackageProductDependency section */
	};
	rootObject = PJ00000000000000000001 /* Project object */;
}
